
Microsoft Visual Studio Solution File, Format Version 12.00
# Visual Studio Express 2012 for Web
Project("{F2A71F9B-5D33-465A-A702-920D77279786}") = "AsyncFrameworkSample", "AsyncFrameworkSample\AsyncFrameworkSample.fsproj", "{FF78C52B-DAA9-4750-A9B3-570C61AB328F}"
EndProject
Global
	GlobalSection(SolutionConfigurationPlatforms) = preSolution
		Debug|Any CPU = Debug|Any CPU
		Release|Any CPU = Release|Any CPU
	EndGlobalSection
	GlobalSection(ProjectConfigurationPlatforms) = postSolution
		{FF78C52B-DAA9-4750-A9B3-570C61AB328F}.Debug|Any CPU.ActiveCfg = Debug|Any CPU
		{FF78C52B-DAA9-4750-A9B3-570C61AB328F}.Debug|Any CPU.Build.0 = Debug|Any CPU
		{FF78C52B-DAA9-4750-A9B3-570C61AB328F}.Release|Any CPU.ActiveCfg = Release|Any CPU
		{FF78C52B-DAA9-4750-A9B3-570C61AB328F}.Release|Any CPU.Build.0 = Release|Any CPU
	EndGlobalSection
	GlobalSection(SolutionProperties) = preSolution
		HideSolutionNode = FALSE
	EndGlobalSection
EndGlobal
